
Microsoft Visual Studio Solution File, Format Version 12.00
# Visual Studio Version 16
VisualStudioVersion = 16.0.30523.141
MinimumVisualStudioVersion = 10.0.40219.1
Project("{9A19103F-16F7-4668-BE54-9A1E7A4F7556}") = "BookingEngine", "BookingEngine\BookingEngine.csproj", "{DFDB943A-B83E-41C2-9A27-5C403F8480BD}"
EndProject
Global
	GlobalSection(SolutionConfigurationPlatforms) = preSolution
		Debug|Any CPU = Debug|Any CPU
		Release|Any CPU = Release|Any CPU
	EndGlobalSection
	GlobalSection(ProjectConfigurationPlatforms) = postSolution
		{DFDB943A-B83E-41C2-9A27-5C403F8480BD}.Debug|Any CPU.ActiveCfg = Debug|Any CPU
		{DFDB943A-B83E-41C2-9A27-5C403F8480BD}.Debug|Any CPU.Build.0 = Debug|Any CPU
		{DFDB943A-B83E-41C2-9A27-5C403F8480BD}.Release|Any CPU.ActiveCfg = Release|Any CPU
		{DFDB943A-B83E-41C2-9A27-5C403F8480BD}.Release|Any CPU.Build.0 = Release|Any CPU
	EndGlobalSection
	GlobalSection(SolutionProperties) = preSolution
		HideSolutionNode = FALSE
	EndGlobalSection
	GlobalSection(ExtensibilityGlobals) = postSolution
		SolutionGuid = {F64E7A45-5D5F-4BDE-98E7-E01309F66EEC}
	EndGlobalSection
EndGlobal
